{
    "name": "coc-omnisharp",
    "version": "0.0.28",
    "lockfileVersion": 1,
    "requires": true,
    "dependencies": {
        "@chemzqm/neovim": {
            "version": "5.1.7",
            "resolved": "https://registry.npmjs.org/@chemzqm/neovim/-/neovim-5.1.7.tgz",
            "integrity": "sha512-Ed5w6wQJnCoI6L1oq0kxKdWzwXpExSGR+I7YBIp+5Wr+KTRptEJgWrYX64Vg1g0o+ugB99Qo6qpCulK2nmXwQg==",
            "dev": true,
            "requires": {
                "msgpack-lite": "^0.1.26"
            }
        },
        "@types/follow-redirects": {
            "version": "1.8.0",
            "resolved": "https://registry.npmjs.org/@types/follow-redirects/-/follow-redirects-1.8.0.tgz",
            "integrity": "sha512-xFTn5zG9x9clBXhiTlmVrHDkBPEiYGmAoKr9dQdy8lZUoXcr01xVhXQW/MmUiYZZu2c1SpOleM90B7mN+CuXhA==",
            "requires": {
                "@types/node": "*"
            }
        },
        "@types/node": {
            "version": "10.14.12",
            "resolved": "https://registry.npmjs.org/@types/node/-/node-10.14.12.tgz",
            "integrity": "sha512-QcAKpaO6nhHLlxWBvpc4WeLrTvPqlHOvaj0s5GriKkA1zq+bsFBPpfYCvQhLqLgYlIko8A9YrPdaMHCo5mBcpg=="
        },
        "async": {
            "version": "2.6.3",
            "resolved": "https://registry.npmjs.org/async/-/async-2.6.3.tgz",
            "integrity": "sha512-zflvls11DCy+dQWzTW2dzuilv8Z5X/pjfmZOWba6TNIVDm+2UDaJmXSOXlasHKfNBs8oo3M0aT50fDEWfKZjXg==",
            "dev": true,
            "requires": {
                "lodash": "^4.17.14"
            }
        },
        "balanced-match": {
            "version": "1.0.0",
            "resolved": "https://registry.npmjs.org/balanced-match/-/balanced-match-1.0.0.tgz",
            "integrity": "sha1-ibTRmasr7kneFk6gK4nORi1xt2c="
        },
        "brace-expansion": {
            "version": "1.1.11",
            "resolved": "https://registry.npmjs.org/brace-expansion/-/brace-expansion-1.1.11.tgz",
            "integrity": "sha512-iCuPHDFgrHX7H2vEI/5xpz07zSHB00TpugqhmYtVmMO6518mCuRMoOYFldEBl0g187ufozdaHgWKcYFb61qGiA==",
            "requires": {
                "balanced-match": "^1.0.0",
                "concat-map": "0.0.1"
            }
        },
        "bser": {
            "version": "2.1.0",
            "resolved": "https://registry.npmjs.org/bser/-/bser-2.1.0.tgz",
            "integrity": "sha512-8zsjWrQkkBoLK6uxASk1nJ2SKv97ltiGDo6A3wA0/yRPz+CwmEyDo0hUrhIuukG2JHpAl3bvFIixw2/3Hi0DOg==",
            "dev": true,
            "requires": {
                "node-int64": "^0.4.0"
            }
        },
        "buffer-crc32": {
            "version": "0.2.13",
            "resolved": "https://registry.npmjs.org/buffer-crc32/-/buffer-crc32-0.2.13.tgz",
            "integrity": "sha1-DTM+PwDqxQqhRUq9MO+MKl2ackI="
        },
        "buffer-from": {
            "version": "1.1.1",
            "resolved": "https://registry.npmjs.org/buffer-from/-/buffer-from-1.1.1.tgz",
            "integrity": "sha512-MQcXEUbCKtEo7bhqEs6560Hyd4XaovZlO/k9V3hjVUF/zwW7KBVdSK4gIt/bzwS9MbR5qob+F5jusZsb0YQK2A=="
        },
        "chownr": {
            "version": "1.1.4",
            "resolved": "https://registry.npmjs.org/chownr/-/chownr-1.1.4.tgz",
            "integrity": "sha512-jJ0bqzaylmJtVnNgzTeSOs8DPavpbYgEr/b0YL8/2GO3xJEhInFmhKMUnEJQjZumK7KXGFhUy89PrsJWlakBVg==",
            "dev": true
        },
        "coc-utils": {
            "version": "0.0.12",
            "resolved": "https://registry.npmjs.org/coc-utils/-/coc-utils-0.0.12.tgz",
            "integrity": "sha512-8FzIRrTTGBSfF1UXacNTReD5yamVWff0Xob5LRAM4wmBbazkkxf6/iXu7rkK5PbA/iYd3mLR0YsOLUgbpi+ZfQ==",
            "requires": {
                "extract-zip": "^1.6.7",
                "follow-redirects": "^1.7.0",
                "rimraf": "^2.6.3",
                "tunnel": "0.0.6",
                "vscode-jsonrpc": ">=4.0.0",
                "vscode-languageserver-protocol": ">=3.14.0"
            },
            "dependencies": {
                "vscode-languageserver-protocol": {
                    "version": "3.15.3",
                    "resolved": "https://registry.npmjs.org/vscode-languageserver-protocol/-/vscode-languageserver-protocol-3.15.3.tgz",
                    "integrity": "sha512-zrMuwHOAQRhjDSnflWdJG+O2ztMWss8GqUUB8dXLR/FPenwkiBNkMIJJYfSN6sgskvsF0rHAoBowNQfbyZnnvw==",
                    "requires": {
                        "vscode-jsonrpc": "^5.0.1",
                        "vscode-languageserver-types": "3.15.1"
                    }
                },
                "vscode-languageserver-types": {
                    "version": "3.15.1",
                    "resolved": "https://registry.npmjs.org/vscode-languageserver-types/-/vscode-languageserver-types-3.15.1.tgz",
                    "integrity": "sha512-+a9MPUQrNGRrGU630OGbYVQ+11iOIovjCkqxajPa9w57Sd5ruK8WQNsslzpa0x/QJqC8kRc2DUxWjIFwoNm4ZQ=="
                }
            }
        },
        "coc.nvim": {
            "version": "0.0.73",
            "resolved": "https://registry.npmjs.org/coc.nvim/-/coc.nvim-0.0.73.tgz",
            "integrity": "sha512-IzPb96GRC1M7qz8eu3OrUxHeAvhaX9BMixjH0eB+6q2F9PZYao6L9VzKmboukQBEhNGAK7PKJhbO+dx+x+wJvw==",
            "dev": true,
            "requires": {
                "@chemzqm/neovim": "5.1.7",
                "bser": "^2.1.0",
                "debounce": "^1.2.0",
                "fast-diff": "^1.2.0",
                "fb-watchman": "^2.0.0",
                "follow-redirects": "^1.7.0",
                "glob": "^7.1.4",
                "isuri": "^2.0.3",
                "jsonc-parser": "^2.1.0",
                "log4js": "^4.5.1",
                "minimatch": "^3.0.4",
                "mkdirp": "^0.5.1",
                "mv": "^2.1.1",
                "rc": "^1.2.8",
                "rimraf": "^2.6.3",
                "semver": "^6.2.0",
                "tar": "^4.4.10",
                "tslib": "^1.10.0",
                "tunnel": "^0.0.6",
                "uuid": "^3.3.2",
                "vscode-languageserver-protocol": "3.15.0-next.6",
                "vscode-languageserver-types": "3.15.0-next.2",
                "vscode-uri": "^2.0.3",
                "which": "^1.3.1"
            }
        },
        "concat-map": {
            "version": "0.0.1",
            "resolved": "https://registry.npmjs.org/concat-map/-/concat-map-0.0.1.tgz",
            "integrity": "sha1-2Klr13/Wjfd5OnMDajug1UBdR3s="
        },
        "concat-stream": {
            "version": "1.6.2",
            "resolved": "https://registry.npmjs.org/concat-stream/-/concat-stream-1.6.2.tgz",
            "integrity": "sha512-27HBghJxjiZtIk3Ycvn/4kbJk/1uZuJFfuPEns6LaEvpvG1f0hTea8lilrouyo9mVc2GWdcEZ8OLoGmSADlrCw==",
            "requires": {
                "buffer-from": "^1.0.0",
                "inherits": "^2.0.3",
                "readable-stream": "^2.2.2",
                "typedarray": "^0.0.6"
            }
        },
        "core-util-is": {
            "version": "1.0.2",
            "resolved": "https://registry.npmjs.org/core-util-is/-/core-util-is-1.0.2.tgz",
            "integrity": "sha1-tf1UIgqivFq1eqtxQMlAdUUDwac="
        },
        "date-format": {
            "version": "2.1.0",
            "resolved": "https://registry.npmjs.org/date-format/-/date-format-2.1.0.tgz",
            "integrity": "sha512-bYQuGLeFxhkxNOF3rcMtiZxvCBAquGzZm6oWA1oZ0g2THUzivaRhv8uOhdr19LmoobSOLoIAxeUK2RdbM8IFTA==",
            "dev": true
        },
        "debounce": {
            "version": "1.2.0",
            "resolved": "https://registry.npmjs.org/debounce/-/debounce-1.2.0.tgz",
            "integrity": "sha512-mYtLl1xfZLi1m4RtQYlZgJUNQjl4ZxVnHzIR8nLLgi4q1YT8o/WM+MK/f8yfcc9s5Ir5zRaPZyZU6xs1Syoocg==",
            "dev": true
        },
        "debug": {
            "version": "3.2.6",
            "resolved": "https://registry.npmjs.org/debug/-/debug-3.2.6.tgz",
            "integrity": "sha512-mel+jf7nrtEl5Pn1Qx46zARXKDpBbvzezse7p7LqINmdoIk8PYP5SySaxEmYv6TZ0JyEKA1hsCId6DIhgITtWQ==",
            "requires": {
                "ms": "^2.1.1"
            }
        },
        "deep-extend": {
            "version": "0.6.0",
            "resolved": "https://registry.npmjs.org/deep-extend/-/deep-extend-0.6.0.tgz",
            "integrity": "sha512-LOHxIOaPYdHlJRtCQfDIVZtfw/ufM8+rVj649RIHzcm/vGwQRXFt6OPqIFWsm2XEMrNIEtWR64sY1LEKD2vAOA==",
            "dev": true
        },
        "event-lite": {
            "version": "0.1.2",
            "resolved": "https://registry.npmjs.org/event-lite/-/event-lite-0.1.2.tgz",
            "integrity": "sha512-HnSYx1BsJ87/p6swwzv+2v6B4X+uxUteoDfRxsAb1S1BePzQqOLevVmkdA15GHJVd9A9Ok6wygUR18Hu0YeV9g==",
            "dev": true
        },
        "extract-zip": {
            "version": "1.7.0",
            "resolved": "https://registry.npmjs.org/extract-zip/-/extract-zip-1.7.0.tgz",
            "integrity": "sha512-xoh5G1W/PB0/27lXgMQyIhP5DSY/LhoCsOyZgb+6iMmRtCwVBo55uKaMoEYrDCKQhWvqEip5ZPKAc6eFNyf/MA==",
            "requires": {
                "concat-stream": "^1.6.2",
                "debug": "^2.6.9",
                "mkdirp": "^0.5.4",
                "yauzl": "^2.10.0"
            },
            "dependencies": {
                "debug": {
                    "version": "2.6.9",
                    "resolved": "https://registry.npmjs.org/debug/-/debug-2.6.9.tgz",
                    "integrity": "sha512-bC7ElrdJaJnPbAP+1EotYvqZsb3ecl5wi6Bfi6BJTUcNowp6cvspg0jXznRTKDjm/E7AdgFBVeAPVMNcKGsHMA==",
                    "requires": {
                        "ms": "2.0.0"
                    }
                },
                "ms": {
                    "version": "2.0.0",
                    "resolved": "https://registry.npmjs.org/ms/-/ms-2.0.0.tgz",
                    "integrity": "sha1-VgiurfwAvmwpAd9fmGF4jeDVl8g="
                }
            }
        },
        "fast-diff": {
            "version": "1.2.0",
            "resolved": "https://registry.npmjs.org/fast-diff/-/fast-diff-1.2.0.tgz",
            "integrity": "sha512-xJuoT5+L99XlZ8twedaRf6Ax2TgQVxvgZOYoPKqZufmJib0tL2tegPBOZb1pVNgIhlqDlA0eO0c3wBvQcmzx4w==",
            "dev": true
        },
        "fb-watchman": {
            "version": "2.0.0",
            "resolved": "https://registry.npmjs.org/fb-watchman/-/fb-watchman-2.0.0.tgz",
            "integrity": "sha1-VOmr99+i8mzZsWNsWIwa/AXeXVg=",
            "dev": true,
            "requires": {
                "bser": "^2.0.0"
            }
        },
        "fd-slicer": {
            "version": "1.1.0",
            "resolved": "https://registry.npmjs.org/fd-slicer/-/fd-slicer-1.1.0.tgz",
            "integrity": "sha1-JcfInLH5B3+IkbvmHY85Dq4lbx4=",
            "requires": {
                "pend": "~1.2.0"
            }
        },
        "flatted": {
            "version": "2.0.1",
            "resolved": "https://registry.npmjs.org/flatted/-/flatted-2.0.1.tgz",
            "integrity": "sha512-a1hQMktqW9Nmqr5aktAux3JMNqaucxGcjtjWnZLHX7yyPCmlSV3M54nGYbqT8K+0GhF3NBgmJCc3ma+WOgX8Jg==",
            "dev": true
        },
        "follow-redirects": {
            "version": "1.7.0",
            "resolved": "https://registry.npmjs.org/follow-redirects/-/follow-redirects-1.7.0.tgz",
            "integrity": "sha512-m/pZQy4Gj287eNy94nivy5wchN3Kp+Q5WgUPNy5lJSZ3sgkVKSYV/ZChMAQVIgx1SqfZ2zBZtPA2YlXIWxxJOQ==",
            "requires": {
                "debug": "^3.2.6"
            }
        },
        "fs-extra": {
            "version": "7.0.1",
            "resolved": "https://registry.npmjs.org/fs-extra/-/fs-extra-7.0.1.tgz",
            "integrity": "sha512-YJDaCJZEnBmcbw13fvdAM9AwNOJwOzrE4pqMqBq5nFiEqXUqHwlK4B+3pUw6JNvfSPtX05xFHtYy/1ni01eGCw==",
            "dev": true,
            "requires": {
                "graceful-fs": "^4.1.2",
                "jsonfile": "^4.0.0",
                "universalify": "^0.1.0"
            }
        },
        "fs-minipass": {
            "version": "1.2.7",
            "resolved": "https://registry.npmjs.org/fs-minipass/-/fs-minipass-1.2.7.tgz",
            "integrity": "sha512-GWSSJGFy4e9GUeCcbIkED+bgAoFyj7XF1mV8rma3QW4NIqX9Kyx79N/PF61H5udOV3aY1IaMLs6pGbH71nlCTA==",
            "dev": true,
            "requires": {
                "minipass": "^2.6.0"
            }
        },
        "fs.realpath": {
            "version": "1.0.0",
            "resolved": "https://registry.npmjs.org/fs.realpath/-/fs.realpath-1.0.0.tgz",
            "integrity": "sha1-FQStJSMVjKpA20onh8sBQRmU6k8="
        },
        "glob": {
            "version": "7.1.4",
            "resolved": "https://registry.npmjs.org/glob/-/glob-7.1.4.tgz",
            "integrity": "sha512-hkLPepehmnKk41pUGm3sYxoFs/umurYfYJCerbXEyFIWcAzvpipAgVkBqqT9RBKMGjnq6kMuyYwha6csxbiM1A==",
            "requires": {
                "fs.realpath": "^1.0.0",
                "inflight": "^1.0.4",
                "inherits": "2",
                "minimatch": "^3.0.4",
                "once": "^1.3.0",
                "path-is-absolute": "^1.0.0"
            }
        },
        "graceful-fs": {
            "version": "4.2.2",
            "resolved": "https://registry.npmjs.org/graceful-fs/-/graceful-fs-4.2.2.tgz",
            "integrity": "sha512-IItsdsea19BoLC7ELy13q1iJFNmd7ofZH5+X/pJr90/nRoPEX0DJo1dHDbgtYWOhJhcCgMDTOw84RZ72q6lB+Q==",
            "dev": true
        },
        "ieee754": {
            "version": "1.1.13",
            "resolved": "https://registry.npmjs.org/ieee754/-/ieee754-1.1.13.tgz",
            "integrity": "sha512-4vf7I2LYV/HaWerSo3XmlMkp5eZ83i+/CDluXi/IGTs/O1sejBNhTtnxzmRZfvOUqj7lZjqHkeTvpgSFDlWZTg==",
            "dev": true
        },
        "inflight": {
            "version": "1.0.6",
            "resolved": "https://registry.npmjs.org/inflight/-/inflight-1.0.6.tgz",
            "integrity": "sha1-Sb1jMdfQLQwJvJEKEHW6gWW1bfk=",
            "requires": {
                "once": "^1.3.0",
                "wrappy": "1"
            }
        },
        "inherits": {
            "version": "2.0.4",
            "resolved": "https://registry.npmjs.org/inherits/-/inherits-2.0.4.tgz",
            "integrity": "sha512-k/vGaX4/Yla3WzyMCvTQOXYeIHvqOKtnqBduzTHpzpQZzAskKMhZ2K+EnBiSM9zGSoIFeMpXKxa4dYeZIQqewQ=="
        },
        "ini": {
            "version": "1.3.5",
            "resolved": "https://registry.npmjs.org/ini/-/ini-1.3.5.tgz",
            "integrity": "sha512-RZY5huIKCMRWDUqZlEi72f/lmXKMvuszcMBduliQ3nnWbx9X/ZBQO7DijMEYS9EhHBb2qacRUMtC7svLwe0lcw==",
            "dev": true
        },
        "int64-buffer": {
            "version": "0.1.10",
            "resolved": "https://registry.npmjs.org/int64-buffer/-/int64-buffer-0.1.10.tgz",
            "integrity": "sha1-J3siiofZWtd30HwTgyAiQGpHNCM=",
            "dev": true
        },
        "isarray": {
            "version": "1.0.0",
            "resolved": "https://registry.npmjs.org/isarray/-/isarray-1.0.0.tgz",
            "integrity": "sha1-u5NdSFgsuhaMBoNJV6VKPgcSTxE="
        },
        "isexe": {
            "version": "2.0.0",
            "resolved": "https://registry.npmjs.org/isexe/-/isexe-2.0.0.tgz",
            "integrity": "sha1-6PvzdNxVb/iUehDcsFctYz8s+hA=",
            "dev": true
        },
        "isuri": {
            "version": "2.0.3",
            "resolved": "https://registry.npmjs.org/isuri/-/isuri-2.0.3.tgz",
            "integrity": "sha1-NDcSHbL+Za8LoIC34ahjb2MsypE=",
            "dev": true,
            "requires": {
                "rfc-3986": "1.0.1"
            }
        },
        "jsonc-parser": {
            "version": "2.1.1",
            "resolved": "https://registry.npmjs.org/jsonc-parser/-/jsonc-parser-2.1.1.tgz",
            "integrity": "sha512-VC0CjnWJylKB1iov4u76/W/5Ef0ydDkjtYWxoZ9t3HdWlSnZQwZL5MgFikaB/EtQ4RmMEw3tmQzuYnZA2/Ja1g==",
            "dev": true
        },
        "jsonfile": {
            "version": "4.0.0",
            "resolved": "https://registry.npmjs.org/jsonfile/-/jsonfile-4.0.0.tgz",
            "integrity": "sha1-h3Gq4HmbZAdrdmQPygWPnBDjPss=",
            "dev": true,
            "requires": {
                "graceful-fs": "^4.1.6"
            }
        },
        "lodash": {
            "version": "4.17.19",
            "resolved": "https://registry.npmjs.org/lodash/-/lodash-4.17.19.tgz",
            "integrity": "sha512-JNvd8XER9GQX0v2qJgsaN/mzFCNA5BRe/j8JN9d+tWyGLSodKQHKFicdwNYzWwI3wjRnaKPsGj1XkBjx/F96DQ==",
            "dev": true
        },
        "log4js": {
            "version": "4.5.1",
            "resolved": "https://registry.npmjs.org/log4js/-/log4js-4.5.1.tgz",
            "integrity": "sha512-EEEgFcE9bLgaYUKuozyFfytQM2wDHtXn4tAN41pkaxpNjAykv11GVdeI4tHtmPWW4Xrgh9R/2d7XYghDVjbKKw==",
            "dev": true,
            "requires": {
                "date-format": "^2.0.0",
                "debug": "^4.1.1",
                "flatted": "^2.0.0",
                "rfdc": "^1.1.4",
                "streamroller": "^1.0.6"
            },
            "dependencies": {
                "debug": {
                    "version": "4.1.1",
                    "resolved": "https://registry.npmjs.org/debug/-/debug-4.1.1.tgz",
                    "integrity": "sha512-pYAIzeRo8J6KPEaJ0VWOh5Pzkbw/RetuzehGM7QRRX5he4fPHx2rdKMB256ehJCkX+XRQm16eZLqLNS8RSZXZw==",
                    "dev": true,
                    "requires": {
                        "ms": "^2.1.1"
                    }
                }
            }
        },
        "minimatch": {
            "version": "3.0.4",
            "resolved": "https://registry.npmjs.org/minimatch/-/minimatch-3.0.4.tgz",
            "integrity": "sha512-yJHVQEhyqPLUTgt9B83PXu6W3rx4MvvHvSUvToogpwoGDOUQ+yDrR0HRot+yOCdCO7u4hX3pWft6kWBBcqh0UA==",
            "requires": {
                "brace-expansion": "^1.1.7"
            }
        },
        "minimist": {
            "version": "1.2.8",
            "resolved": "https://registry.npmjs.org/minimist/-/minimist-1.2.8.tgz",
            "integrity": "sha512-2yyAR8qBkN3YuheJanUpWC5U3bb5osDywNB8RzDVlDwDHbocAJveqqj1u8+SVD7jkWT4yvsHCpWqqWqAxb0zCA=="
        },
        "minipass": {
            "version": "2.9.0",
            "resolved": "https://registry.npmjs.org/minipass/-/minipass-2.9.0.tgz",
            "integrity": "sha512-wxfUjg9WebH+CUDX/CdbRlh5SmfZiy/hpkxaRI16Y9W56Pa75sWgd/rvFilSgrauD9NyFymP/+JFV3KwzIsJeg==",
            "dev": true,
            "requires": {
                "safe-buffer": "^5.1.2",
                "yallist": "^3.0.0"
            }
        },
        "minizlib": {
            "version": "1.3.3",
            "resolved": "https://registry.npmjs.org/minizlib/-/minizlib-1.3.3.tgz",
            "integrity": "sha512-6ZYMOEnmVsdCeTJVE0W9ZD+pVnE8h9Hma/iOwwRDsdQoePpoX56/8B6z3P9VNwppJuBKNRuFDRNRqRWexT9G9Q==",
            "dev": true,
            "requires": {
                "minipass": "^2.9.0"
            }
        },
        "mkdirp": {
            "version": "0.5.5",
            "resolved": "https://registry.npmjs.org/mkdirp/-/mkdirp-0.5.5.tgz",
            "integrity": "sha512-NKmAlESf6jMGym1++R0Ra7wvhV+wFW63FaSOFPwRahvea0gMUcGUhVeAg/0BC0wiv9ih5NYPB1Wn1UEI1/L+xQ==",
            "requires": {
                "minimist": "^1.2.5"
            }
        },
        "ms": {
            "version": "2.1.2",
            "resolved": "https://registry.npmjs.org/ms/-/ms-2.1.2.tgz",
            "integrity": "sha512-sGkPx+VjMtmA6MX27oA4FBFELFCZZ4S4XqeGOXCv68tT+jb3vk/RyaKWP0PTKyWtmLSM0b+adUTEvbs1PEaH2w=="
        },
        "msgpack-lite": {
            "version": "0.1.26",
            "resolved": "https://registry.npmjs.org/msgpack-lite/-/msgpack-lite-0.1.26.tgz",
            "integrity": "sha1-3TxQsm8FnyXn7e42REGDWOKprYk=",
            "dev": true,
            "requires": {
                "event-lite": "^0.1.1",
                "ieee754": "^1.1.8",
                "int64-buffer": "^0.1.9",
                "isarray": "^1.0.0"
            }
        },
        "mv": {
            "version": "2.1.1",
            "resolved": "https://registry.npmjs.org/mv/-/mv-2.1.1.tgz",
            "integrity": "sha1-rmzg1vbV4KT32JN5jQPB6pVZtqI=",
            "dev": true,
            "requires": {
                "mkdirp": "~0.5.1",
                "ncp": "~2.0.0",
                "rimraf": "~2.4.0"
            },
            "dependencies": {
                "glob": {
                    "version": "6.0.4",
                    "resolved": "https://registry.npmjs.org/glob/-/glob-6.0.4.tgz",
                    "integrity": "sha1-DwiGD2oVUSey+t1PnOJLGqtuTSI=",
                    "dev": true,
                    "requires": {
                        "inflight": "^1.0.4",
                        "inherits": "2",
                        "minimatch": "2 || 3",
                        "once": "^1.3.0",
                        "path-is-absolute": "^1.0.0"
                    }
                },
                "rimraf": {
                    "version": "2.4.5",
                    "resolved": "https://registry.npmjs.org/rimraf/-/rimraf-2.4.5.tgz",
                    "integrity": "sha1-7nEM5dk6j9uFb7Xqj/Di11k0sto=",
                    "dev": true,
                    "requires": {
                        "glob": "^6.0.1"
                    }
                }
            }
        },
        "ncp": {
            "version": "2.0.0",
            "resolved": "https://registry.npmjs.org/ncp/-/ncp-2.0.0.tgz",
            "integrity": "sha1-GVoh1sRuNh0vsSgbo4uR6d9727M=",
            "dev": true
        },
        "node-int64": {
            "version": "0.4.0",
            "resolved": "https://registry.npmjs.org/node-int64/-/node-int64-0.4.0.tgz",
            "integrity": "sha1-h6kGXNs1XTGC2PlM4RGIuCXGijs=",
            "dev": true
        },
        "once": {
            "version": "1.4.0",
            "resolved": "https://registry.npmjs.org/once/-/once-1.4.0.tgz",
            "integrity": "sha1-WDsap3WWHUsROsF9nFC6753Xa9E=",
            "requires": {
                "wrappy": "1"
            }
        },
        "path-is-absolute": {
            "version": "1.0.1",
            "resolved": "https://registry.npmjs.org/path-is-absolute/-/path-is-absolute-1.0.1.tgz",
            "integrity": "sha1-F0uSaHNVNP+8es5r9TpanhtcX18="
        },
        "pend": {
            "version": "1.2.0",
            "resolved": "https://registry.npmjs.org/pend/-/pend-1.2.0.tgz",
            "integrity": "sha1-elfrVQpng/kRUzH89GY9XI4AelA="
        },
        "process-nextick-args": {
            "version": "2.0.1",
            "resolved": "https://registry.npmjs.org/process-nextick-args/-/process-nextick-args-2.0.1.tgz",
            "integrity": "sha512-3ouUOpQhtgrbOa17J7+uxOTpITYWaGP7/AhoR3+A+/1e9skrzelGi/dXzEYyvbxubEF6Wn2ypscTKiKJFFn1ag=="
        },
        "rc": {
            "version": "1.2.8",
            "resolved": "https://registry.npmjs.org/rc/-/rc-1.2.8.tgz",
            "integrity": "sha512-y3bGgqKj3QBdxLbLkomlohkvsA8gdAiUQlSBJnBhfn+BPxg4bc62d8TcBW15wavDfgexCgccckhcZvywyQYPOw==",
            "dev": true,
            "requires": {
                "deep-extend": "^0.6.0",
                "ini": "~1.3.0",
                "minimist": "^1.2.0",
                "strip-json-comments": "~2.0.1"
            }
        },
        "readable-stream": {
            "version": "2.3.7",
            "resolved": "https://registry.npmjs.org/readable-stream/-/readable-stream-2.3.7.tgz",
            "integrity": "sha512-Ebho8K4jIbHAxnuxi7o42OrZgF/ZTNcsZj6nRKyUmkhLFq8CHItp/fy6hQZuZmP/n3yZ9VBUbp4zz/mX8hmYPw==",
            "requires": {
                "core-util-is": "~1.0.0",
                "inherits": "~2.0.3",
                "isarray": "~1.0.0",
                "process-nextick-args": "~2.0.0",
                "safe-buffer": "~5.1.1",
                "string_decoder": "~1.1.1",
                "util-deprecate": "~1.0.1"
            },
            "dependencies": {
                "safe-buffer": {
                    "version": "5.1.2",
                    "resolved": "https://registry.npmjs.org/safe-buffer/-/safe-buffer-5.1.2.tgz",
                    "integrity": "sha512-Gd2UZBJDkXlY7GbJxfsE8/nvKkUEU1G38c1siN6QP6a9PT9MmHB8GnpscSmMJSoF8LOIrt8ud/wPtojys4G6+g=="
                }
            }
        },
        "rfc-3986": {
            "version": "1.0.1",
            "resolved": "https://registry.npmjs.org/rfc-3986/-/rfc-3986-1.0.1.tgz",
            "integrity": "sha1-7uuINC+tvoAnwPNq2pIaE+b5YgY=",
            "dev": true
        },
        "rfdc": {
            "version": "1.1.4",
            "resolved": "https://registry.npmjs.org/rfdc/-/rfdc-1.1.4.tgz",
            "integrity": "sha512-5C9HXdzK8EAqN7JDif30jqsBzavB7wLpaubisuQIGHWf2gUXSpzy6ArX/+Da8RjFpagWsCn+pIgxTMAmKw9Zug==",
            "dev": true
        },
        "rimraf": {
            "version": "2.6.3",
            "resolved": "https://registry.npmjs.org/rimraf/-/rimraf-2.6.3.tgz",
            "integrity": "sha512-mwqeW5XsA2qAejG46gYdENaxXjx9onRNCfn7L0duuP4hCuTIi/QO7PDK07KJfp1d+izWPrzEJDcSqBa0OZQriA==",
            "requires": {
                "glob": "^7.1.3"
            }
        },
        "safe-buffer": {
            "version": "5.2.0",
            "resolved": "https://registry.npmjs.org/safe-buffer/-/safe-buffer-5.2.0.tgz",
            "integrity": "sha512-fZEwUGbVl7kouZs1jCdMLdt95hdIv0ZeHg6L7qPeciMZhZ+/gdesW4wgTARkrFWEpspjEATAzUGPG8N2jJiwbg==",
            "dev": true
        },
        "semver": {
            "version": "6.3.0",
            "resolved": "https://registry.npmjs.org/semver/-/semver-6.3.0.tgz",
            "integrity": "sha512-b39TBaTSfV6yBrapU89p5fKekE2m/NwnDocOVruQFS1/veMgdzuPcnOM34M6CwxW8jH/lxEa5rBoDeUwu5HHTw==",
            "dev": true
        },
        "streamroller": {
            "version": "1.0.6",
            "resolved": "https://registry.npmjs.org/streamroller/-/streamroller-1.0.6.tgz",
            "integrity": "sha512-3QC47Mhv3/aZNFpDDVO44qQb9gwB9QggMEE0sQmkTAwBVYdBRWISdsywlkfm5II1Q5y/pmrHflti/IgmIzdDBg==",
            "dev": true,
            "requires": {
                "async": "^2.6.2",
                "date-format": "^2.0.0",
                "debug": "^3.2.6",
                "fs-extra": "^7.0.1",
                "lodash": "^4.17.14"
            }
        },
        "string_decoder": {
            "version": "1.1.1",
            "resolved": "https://registry.npmjs.org/string_decoder/-/string_decoder-1.1.1.tgz",
            "integrity": "sha512-n/ShnvDi6FHbbVfviro+WojiFzv+s8MPMHBczVePfUpDJLwoLT0ht1l4YwBCbi8pJAveEEdnkHyPyTP/mzRfwg==",
            "requires": {
                "safe-buffer": "~5.1.0"
            },
            "dependencies": {
                "safe-buffer": {
                    "version": "5.1.2",
                    "resolved": "https://registry.npmjs.org/safe-buffer/-/safe-buffer-5.1.2.tgz",
                    "integrity": "sha512-Gd2UZBJDkXlY7GbJxfsE8/nvKkUEU1G38c1siN6QP6a9PT9MmHB8GnpscSmMJSoF8LOIrt8ud/wPtojys4G6+g=="
                }
            }
        },
        "strip-json-comments": {
            "version": "2.0.1",
            "resolved": "https://registry.npmjs.org/strip-json-comments/-/strip-json-comments-2.0.1.tgz",
            "integrity": "sha1-PFMZQukIwml8DsNEhYwobHygpgo=",
            "dev": true
        },
        "tar": {
            "version": "4.4.13",
            "resolved": "https://registry.npmjs.org/tar/-/tar-4.4.13.tgz",
            "integrity": "sha512-w2VwSrBoHa5BsSyH+KxEqeQBAllHhccyMFVHtGtdMpF4W7IRWfZjFiQceJPChOeTsSDVUpER2T8FA93pr0L+QA==",
            "dev": true,
            "requires": {
                "chownr": "^1.1.1",
                "fs-minipass": "^1.2.5",
                "minipass": "^2.8.6",
                "minizlib": "^1.2.1",
                "mkdirp": "^0.5.0",
                "safe-buffer": "^5.1.2",
                "yallist": "^3.0.3"
            }
        },
        "tslib": {
            "version": "1.10.0",
            "resolved": "https://registry.npmjs.org/tslib/-/tslib-1.10.0.tgz",
            "integrity": "sha512-qOebF53frne81cf0S9B41ByenJ3/IuH8yJKngAX35CmiZySA0khhkovshKK+jGCaMnVomla7gVlIcc3EvKPbTQ==",
            "dev": true
        },
        "tunnel": {
            "version": "0.0.6",
            "resolved": "https://registry.npmjs.org/tunnel/-/tunnel-0.0.6.tgz",
            "integrity": "sha512-1h/Lnq9yajKY2PEbBadPXj3VxsDDu844OnaAo52UVmIzIvwwtBPIuNvkjuzBlTWpfJyUbG3ez0KSBibQkj4ojg=="
        },
        "typedarray": {
            "version": "0.0.6",
            "resolved": "https://registry.npmjs.org/typedarray/-/typedarray-0.0.6.tgz",
            "integrity": "sha1-hnrHTjhkGHsdPUfZlqeOxciDB3c="
        },
        "typescript": {
            "version": "3.5.3",
            "resolved": "https://registry.npmjs.org/typescript/-/typescript-3.5.3.tgz",
            "integrity": "sha512-ACzBtm/PhXBDId6a6sDJfroT2pOWt/oOnk4/dElG5G33ZL776N3Y6/6bKZJBFpd+b05F3Ct9qDjMeJmRWtE2/g==",
            "dev": true
        },
        "universalify": {
            "version": "0.1.2",
            "resolved": "https://registry.npmjs.org/universalify/-/universalify-0.1.2.tgz",
            "integrity": "sha512-rBJeI5CXAlmy1pV+617WB9J63U6XcazHHF2f2dbJix4XzpUF0RS3Zbj0FGIOCAva5P/d/GBOYaACQ1w+0azUkg==",
            "dev": true
        },
        "util-deprecate": {
            "version": "1.0.2",
            "resolved": "https://registry.npmjs.org/util-deprecate/-/util-deprecate-1.0.2.tgz",
            "integrity": "sha1-RQ1Nyfpw3nMnYvvS1KKJgUGaDM8="
        },
        "uuid": {
            "version": "3.3.3",
            "resolved": "https://registry.npmjs.org/uuid/-/uuid-3.3.3.tgz",
            "integrity": "sha512-pW0No1RGHgzlpHJO1nsVrHKpOEIxkGg1xB+v0ZmdNH5OAeAwzAVrCnI2/6Mtx+Uys6iaylxa+D3g4j63IKKjSQ==",
            "dev": true
        },
        "vscode-jsonrpc": {
            "version": "5.0.1",
            "resolved": "https://registry.npmjs.org/vscode-jsonrpc/-/vscode-jsonrpc-5.0.1.tgz",
            "integrity": "sha512-JvONPptw3GAQGXlVV2utDcHx0BiY34FupW/kI6mZ5x06ER5DdPG/tXWMVHjTNULF5uKPOUUD0SaXg5QaubJL0A=="
        },
        "vscode-languageserver-protocol": {
            "version": "3.15.0-next.6",
            "resolved": "https://registry.npmjs.org/vscode-languageserver-protocol/-/vscode-languageserver-protocol-3.15.0-next.6.tgz",
            "integrity": "sha512-/yDpYlWyNs26mM23mT73xmOFsh1iRfgZfBdHmfAxwDKwpQKLoOSqVidtYfxlK/pD3IEKGcAVnT4WXTsguxxAMQ==",
            "dev": true,
            "requires": {
                "vscode-jsonrpc": "^4.1.0-next.2",
                "vscode-languageserver-types": "^3.15.0-next.2"
            },
            "dependencies": {
                "vscode-jsonrpc": {
                    "version": "4.1.0-next.3",
                    "resolved": "https://registry.npmjs.org/vscode-jsonrpc/-/vscode-jsonrpc-4.1.0-next.3.tgz",
                    "integrity": "sha512-Z6oxBiMks2+UADV1QHXVooSakjyhI+eHTnXzDyVvVMmegvSfkXk2w6mPEdSkaNHFBdtWW7n20H1yw2nA3A17mg==",
                    "dev": true
                }
            }
        },
        "vscode-languageserver-types": {
            "version": "3.15.0-next.2",
            "resolved": "https://registry.npmjs.org/vscode-languageserver-types/-/vscode-languageserver-types-3.15.0-next.2.tgz",
            "integrity": "sha512-2JkrMWWUi2rlVLSo9OFR2PIGUzdiowEM8NgNYiwLKnXTjpwpjjIrJbNNxDik7Rv4oo9KtikcFQZKXbrKilL/MQ==",
            "dev": true
        },
        "vscode-uri": {
            "version": "2.0.3",
            "resolved": "https://registry.npmjs.org/vscode-uri/-/vscode-uri-2.0.3.tgz",
            "integrity": "sha512-4D3DI3F4uRy09WNtDGD93H9q034OHImxiIcSq664Hq1Y1AScehlP3qqZyTkX/RWxeu0MRMHGkrxYqm2qlDF/aw==",
            "dev": true
        },
        "which": {
            "version": "1.3.1",
            "resolved": "https://registry.npmjs.org/which/-/which-1.3.1.tgz",
            "integrity": "sha512-HxJdYWq1MTIQbJ3nw0cqssHoTNU267KlrDuGZ1WYlxDStUtKUhOaJmh112/TZmHxxUfuJqPXSOm7tDyas0OSIQ==",
            "dev": true,
            "requires": {
                "isexe": "^2.0.0"
            }
        },
        "wrappy": {
            "version": "1.0.2",
            "resolved": "https://registry.npmjs.org/wrappy/-/wrappy-1.0.2.tgz",
            "integrity": "sha1-tSQ9jz7BqjXxNkYFvA0QNuMKtp8="
        },
        "yallist": {
            "version": "3.1.1",
            "resolved": "https://registry.npmjs.org/yallist/-/yallist-3.1.1.tgz",
            "integrity": "sha512-a4UGQaWPH59mOXUYnAG2ewncQS4i4F43Tv3JoAM+s2VDAmS9NsK8GpDMLrCHPksFT7h3K6TOoUNn2pb7RoXx4g==",
            "dev": true
        },
        "yauzl": {
            "version": "2.10.0",
            "resolved": "https://registry.npmjs.org/yauzl/-/yauzl-2.10.0.tgz",
            "integrity": "sha1-x+sXyT4RLLEIb6bY5R+wZnt5pfk=",
            "requires": {
                "buffer-crc32": "~0.2.3",
                "fd-slicer": "~1.1.0"
            }
        }
    }
}
